
Microsoft Visual Studio Solution File, Format Version 12.00
# Visual Studio Version 17
VisualStudioVersion = 17.11.35327.3
MinimumVisualStudioVersion = 16.0.0.0
Project("{9A19103F-16F7-4668-BE54-9A1E7A4F7556}") = "OpenHorror.Windows", "OpenHorror.Windows\OpenHorror.Windows.csproj", "{E45776F9-573D-480F-8465-C42847AA27CD}"
EndProject
Project("{9A19103F-16F7-4668-BE54-9A1E7A4F7556}") = "OpenHorror.Game", "OpenHorror.Game\OpenHorror.Game.csproj", "{57EDC79F-3FD0-47FB-866C-30F753DA87A8}"
EndProject
Global
	GlobalSection(SolutionConfigurationPlatforms) = preSolution
		Debug|Any CPU = Debug|Any CPU
		Release|Any CPU = Release|Any CPU
	EndGlobalSection
	GlobalSection(ProjectConfigurationPlatforms) = postSolution
		{E45776F9-573D-480F-8465-C42847AA27CD}.Debug|Any CPU.ActiveCfg = Debug|Any CPU
		{E45776F9-573D-480F-8465-C42847AA27CD}.Debug|Any CPU.Build.0 = Debug|Any CPU
		{E45776F9-573D-480F-8465-C42847AA27CD}.Release|Any CPU.ActiveCfg = Release|Any CPU
		{E45776F9-573D-480F-8465-C42847AA27CD}.Release|Any CPU.Build.0 = Release|Any CPU
		{57EDC79F-3FD0-47FB-866C-30F753DA87A8}.Debug|Any CPU.ActiveCfg = Debug|Any CPU
		{57EDC79F-3FD0-47FB-866C-30F753DA87A8}.Debug|Any CPU.Build.0 = Debug|Any CPU
		{57EDC79F-3FD0-47FB-866C-30F753DA87A8}.Release|Any CPU.ActiveCfg = Release|Any CPU
		{57EDC79F-3FD0-47FB-866C-30F753DA87A8}.Release|Any CPU.Build.0 = Release|Any CPU
	EndGlobalSection
	GlobalSection(SolutionProperties) = preSolution
		HideSolutionNode = FALSE
	EndGlobalSection
	GlobalSection(ExtensibilityGlobals) = postSolution
		SolutionGuid = {1A2B1EFD-4291-4A87-95AD-51B8D2311020}
	EndGlobalSection
EndGlobal
